{
  "name": "pspdfkit-vanillajs",
  "version": "1.0.0",
  "lockfileVersion": 1,
  "requires": true,
  "dependencies": {
    "pspdfkit": {
      "version": "2021.5.3",
      "resolved": "https://registry.npmjs.org/pspdfkit/-/pspdfkit-2021.5.3.tgz",
      "integrity": "sha512-lwuAzsnJXnjWrUVcGEvQ4/vbfWidctVHyqpBjClhIB9rK2/CuLZ3oSsgL00rXitROkKOGPWtu3NhP6UCMYXoBA=="
    }
  }
}
